
Microsoft Visual Studio Solution File, Format Version 12.00
# Visual Studio Version 17
VisualStudioVersion = 17.7.34221.43
MinimumVisualStudioVersion = 10.0.40219.1
Project("{FAE04EC0-301F-11D3-BF4B-00C04F79EFBC}") = "ReverseNameDisplayusingForLoop", "ReverseNameDisplayusingForLoop\ReverseNameDisplayusingForLoop.csproj", "{08D1A69C-D804-43F3-9DBB-765D1C430C8E}"
EndProject
Global
	GlobalSection(SolutionConfigurationPlatforms) = preSolution
		Debug|Any CPU = Debug|Any CPU
		Release|Any CPU = Release|Any CPU
	EndGlobalSection
	GlobalSection(ProjectConfigurationPlatforms) = postSolution
		{08D1A69C-D804-43F3-9DBB-765D1C430C8E}.Debug|Any CPU.ActiveCfg = Debug|Any CPU
		{08D1A69C-D804-43F3-9DBB-765D1C430C8E}.Debug|Any CPU.Build.0 = Debug|Any CPU
		{08D1A69C-D804-43F3-9DBB-765D1C430C8E}.Release|Any CPU.ActiveCfg = Release|Any CPU
		{08D1A69C-D804-43F3-9DBB-765D1C430C8E}.Release|Any CPU.Build.0 = Release|Any CPU
	EndGlobalSection
	GlobalSection(SolutionProperties) = preSolution
		HideSolutionNode = FALSE
	EndGlobalSection
	GlobalSection(ExtensibilityGlobals) = postSolution
		SolutionGuid = {9F96A04C-91F8-40CA-BE9D-A953F45F84AD}
	EndGlobalSection
EndGlobal
