
Microsoft Visual Studio Solution File, Format Version 12.00
# Visual Studio Version 17
VisualStudioVersion = 17.7.34221.43
MinimumVisualStudioVersion = 10.0.40219.1
Project("{FAE04EC0-301F-11D3-BF4B-00C04F79EFBC}") = "ArrayofIntegersSummation", "ArrayofIntegersSummation\ArrayofIntegersSummation.csproj", "{A98497AA-655A-4477-83DB-A26288BB6498}"
EndProject
Global
	GlobalSection(SolutionConfigurationPlatforms) = preSolution
		Debug|Any CPU = Debug|Any CPU
		Release|Any CPU = Release|Any CPU
	EndGlobalSection
	GlobalSection(ProjectConfigurationPlatforms) = postSolution
		{A98497AA-655A-4477-83DB-A26288BB6498}.Debug|Any CPU.ActiveCfg = Debug|Any CPU
		{A98497AA-655A-4477-83DB-A26288BB6498}.Debug|Any CPU.Build.0 = Debug|Any CPU
		{A98497AA-655A-4477-83DB-A26288BB6498}.Release|Any CPU.ActiveCfg = Release|Any CPU
		{A98497AA-655A-4477-83DB-A26288BB6498}.Release|Any CPU.Build.0 = Release|Any CPU
	EndGlobalSection
	GlobalSection(SolutionProperties) = preSolution
		HideSolutionNode = FALSE
	EndGlobalSection
	GlobalSection(ExtensibilityGlobals) = postSolution
		SolutionGuid = {0FC803F1-B524-437D-896C-5FB62D1AF098}
	EndGlobalSection
EndGlobal
