
Microsoft Visual Studio Solution File, Format Version 12.00
# Visual Studio Version 17
VisualStudioVersion = 17.7.34221.43
MinimumVisualStudioVersion = 10.0.40219.1
Project("{FAE04EC0-301F-11D3-BF4B-00C04F79EFBC}") = "AuthenticationSimulationV2", "AuthenticationSimulationV2\AuthenticationSimulationV2.csproj", "{1A29DF5B-B771-4B61-AD60-41499110D285}"
EndProject
Global
	GlobalSection(SolutionConfigurationPlatforms) = preSolution
		Debug|Any CPU = Debug|Any CPU
		Release|Any CPU = Release|Any CPU
	EndGlobalSection
	GlobalSection(ProjectConfigurationPlatforms) = postSolution
		{1A29DF5B-B771-4B61-AD60-41499110D285}.Debug|Any CPU.ActiveCfg = Debug|Any CPU
		{1A29DF5B-B771-4B61-AD60-41499110D285}.Debug|Any CPU.Build.0 = Debug|Any CPU
		{1A29DF5B-B771-4B61-AD60-41499110D285}.Release|Any CPU.ActiveCfg = Release|Any CPU
		{1A29DF5B-B771-4B61-AD60-41499110D285}.Release|Any CPU.Build.0 = Release|Any CPU
	EndGlobalSection
	GlobalSection(SolutionProperties) = preSolution
		HideSolutionNode = FALSE
	EndGlobalSection
	GlobalSection(ExtensibilityGlobals) = postSolution
		SolutionGuid = {C0EEAB10-1064-4219-8865-9B652F5347C6}
	EndGlobalSection
EndGlobal
