
Microsoft Visual Studio Solution File, Format Version 12.00
# Visual Studio Version 17
VisualStudioVersion = 17.7.34221.43
MinimumVisualStudioVersion = 10.0.40219.1
Project("{FAE04EC0-301F-11D3-BF4B-00C04F79EFBC}") = "AccountLoginSimulation", "AccountLoginSimulation\AccountLoginSimulation.csproj", "{B2E491ED-3578-4C97-A2AD-6B7D4E2DA17E}"
EndProject
Global
	GlobalSection(SolutionConfigurationPlatforms) = preSolution
		Debug|Any CPU = Debug|Any CPU
		Release|Any CPU = Release|Any CPU
	EndGlobalSection
	GlobalSection(ProjectConfigurationPlatforms) = postSolution
		{B2E491ED-3578-4C97-A2AD-6B7D4E2DA17E}.Debug|Any CPU.ActiveCfg = Debug|Any CPU
		{B2E491ED-3578-4C97-A2AD-6B7D4E2DA17E}.Debug|Any CPU.Build.0 = Debug|Any CPU
		{B2E491ED-3578-4C97-A2AD-6B7D4E2DA17E}.Release|Any CPU.ActiveCfg = Release|Any CPU
		{B2E491ED-3578-4C97-A2AD-6B7D4E2DA17E}.Release|Any CPU.Build.0 = Release|Any CPU
	EndGlobalSection
	GlobalSection(SolutionProperties) = preSolution
		HideSolutionNode = FALSE
	EndGlobalSection
	GlobalSection(ExtensibilityGlobals) = postSolution
		SolutionGuid = {C39315C8-CA43-4CDA-AD11-EC68129E030B}
	EndGlobalSection
EndGlobal
