
Microsoft Visual Studio Solution File, Format Version 12.00
# Visual Studio Version 17
VisualStudioVersion = 17.7.34221.43
MinimumVisualStudioVersion = 10.0.40219.1
Project("{FAE04EC0-301F-11D3-BF4B-00C04F79EFBC}") = "GradeAverageProgramV2(ForEachLoop)", "GradeAverageProgramV2(ForEachLoop)\GradeAverageProgramV2(ForEachLoop).csproj", "{19F766CA-D5BC-4E92-9E16-96589356ADFC}"
EndProject
Global
	GlobalSection(SolutionConfigurationPlatforms) = preSolution
		Debug|Any CPU = Debug|Any CPU
		Release|Any CPU = Release|Any CPU
	EndGlobalSection
	GlobalSection(ProjectConfigurationPlatforms) = postSolution
		{19F766CA-D5BC-4E92-9E16-96589356ADFC}.Debug|Any CPU.ActiveCfg = Debug|Any CPU
		{19F766CA-D5BC-4E92-9E16-96589356ADFC}.Debug|Any CPU.Build.0 = Debug|Any CPU
		{19F766CA-D5BC-4E92-9E16-96589356ADFC}.Release|Any CPU.ActiveCfg = Release|Any CPU
		{19F766CA-D5BC-4E92-9E16-96589356ADFC}.Release|Any CPU.Build.0 = Release|Any CPU
	EndGlobalSection
	GlobalSection(SolutionProperties) = preSolution
		HideSolutionNode = FALSE
	EndGlobalSection
	GlobalSection(ExtensibilityGlobals) = postSolution
		SolutionGuid = {AD28297F-4F1C-4C40-8EAC-710C24000F2B}
	EndGlobalSection
EndGlobal
